{
  "object": {
    "pins": [
      {
        "package": "dotLottieLoader",
        "repositoryURL": "https://github.com/dotLottie/dotLottieLoader",
        "state": {
          "branch": null,
          "revision": "be96f7067368c22912deafbdf4adf4d95e5a92f9",
          "version": "0.1.9"
        }
      },
      {
        "package": "Lottie",
        "repositoryURL": "https://github.com/airbnb/lottie-ios.git",
        "state": {
          "branch": null,
          "revision": "b4bd0604ded9574807f41b4004b57dd1226a30a4",
          "version": "3.5.0"
        }
      },
      {
        "package": "Zip",
        "repositoryURL": "https://github.com/LottieFiles/Zip.git",
        "state": {
          "branch": null,
          "revision": "e16ccb1e0e772b280a2e177e2b6d4d99dd8f9419",
          "version": "2.1.2"
        }
      }
    ]
  },
  "version": 1
}
